
Microsoft Visual Studio Solution File, Format Version 12.00
# Visual Studio Version 17
VisualStudioVersion = 17.11.35303.130
MinimumVisualStudioVersion = 10.0.40219.1
Project("{FAE04EC0-301F-11D3-BF4B-00C04F79EFBC}") = "Calculator", "Calculator\Calculator.csproj", "{4AF8FFF5-1EF5-4386-A5AA-1C893C3AA32A}"
EndProject
Global
	GlobalSection(SolutionConfigurationPlatforms) = preSolution
		Debug|Any CPU = Debug|Any CPU
		Release|Any CPU = Release|Any CPU
	EndGlobalSection
	GlobalSection(ProjectConfigurationPlatforms) = postSolution
		{4AF8FFF5-1EF5-4386-A5AA-1C893C3AA32A}.Debug|Any CPU.ActiveCfg = Debug|Any CPU
		{4AF8FFF5-1EF5-4386-A5AA-1C893C3AA32A}.Debug|Any CPU.Build.0 = Debug|Any CPU
		{4AF8FFF5-1EF5-4386-A5AA-1C893C3AA32A}.Release|Any CPU.ActiveCfg = Release|Any CPU
		{4AF8FFF5-1EF5-4386-A5AA-1C893C3AA32A}.Release|Any CPU.Build.0 = Release|Any CPU
	EndGlobalSection
	GlobalSection(SolutionProperties) = preSolution
		HideSolutionNode = FALSE
	EndGlobalSection
	GlobalSection(ExtensibilityGlobals) = postSolution
		SolutionGuid = {E119A93C-77D8-4360-A782-1735FD3923E2}
	EndGlobalSection
EndGlobal
